
Microsoft Visual Studio Solution File, Format Version 12.00
# Visual Studio Version 16
VisualStudioVersion = 16.0.31911.196
MinimumVisualStudioVersion = 10.0.40219.1
Project("{FAE04EC0-301F-11D3-BF4B-00C04F79EFBC}") = "TomsToolsUI", "TomsToolsUI\TomsToolsUI.csproj", "{98172232-55B7-49CB-8A7F-E98B9C33668E}"
EndProject
Global
	GlobalSection(SolutionConfigurationPlatforms) = preSolution
		Debug|Any CPU = Debug|Any CPU
		Release|Any CPU = Release|Any CPU
	EndGlobalSection
	GlobalSection(ProjectConfigurationPlatforms) = postSolution
		{98172232-55B7-49CB-8A7F-E98B9C33668E}.Debug|Any CPU.ActiveCfg = Debug|Any CPU
		{98172232-55B7-49CB-8A7F-E98B9C33668E}.Debug|Any CPU.Build.0 = Debug|Any CPU
		{98172232-55B7-49CB-8A7F-E98B9C33668E}.Release|Any CPU.ActiveCfg = Release|Any CPU
		{98172232-55B7-49CB-8A7F-E98B9C33668E}.Release|Any CPU.Build.0 = Release|Any CPU
	EndGlobalSection
	GlobalSection(SolutionProperties) = preSolution
		HideSolutionNode = FALSE
	EndGlobalSection
	GlobalSection(ExtensibilityGlobals) = postSolution
		SolutionGuid = {1214E04A-FE93-44E7-ADF0-2B90E01E374E}
	EndGlobalSection
EndGlobal
